
Microsoft Visual Studio Solution File, Format Version 12.00
# Visual Studio 15
VisualStudioVersion = 15.0.28307.539
MinimumVisualStudioVersion = 10.0.40219.1
Project("{FAE04EC0-301F-11D3-BF4B-00C04F79EFBC}") = "CLab4", "CLab4\CLab4.csproj", "{092AEB96-E443-4EA9-8336-6104E92C3185}"
EndProject
Global
	GlobalSection(SolutionConfigurationPlatforms) = preSolution
		Debug|Any CPU = Debug|Any CPU
		Release|Any CPU = Release|Any CPU
	EndGlobalSection
	GlobalSection(ProjectConfigurationPlatforms) = postSolution
		{092AEB96-E443-4EA9-8336-6104E92C3185}.Debug|Any CPU.ActiveCfg = Debug|Any CPU
		{092AEB96-E443-4EA9-8336-6104E92C3185}.Debug|Any CPU.Build.0 = Debug|Any CPU
		{092AEB96-E443-4EA9-8336-6104E92C3185}.Release|Any CPU.ActiveCfg = Release|Any CPU
		{092AEB96-E443-4EA9-8336-6104E92C3185}.Release|Any CPU.Build.0 = Release|Any CPU
	EndGlobalSection
	GlobalSection(SolutionProperties) = preSolution
		HideSolutionNode = FALSE
	EndGlobalSection
	GlobalSection(ExtensibilityGlobals) = postSolution
		SolutionGuid = {5291B682-03A7-4C55-80CE-23BF235497A1}
	EndGlobalSection
EndGlobal
