
Microsoft Visual Studio Solution File, Format Version 12.00
# Visual Studio Version 16
VisualStudioVersion = 16.0.30413.136
MinimumVisualStudioVersion = 10.0.40219.1
Project("{FAE04EC0-301F-11D3-BF4B-00C04F79EFBC}") = "Pic Practice", "Pic Practice.csproj", "{A60B684A-AFCF-4F04-A4C2-509995C6A844}"
EndProject
Global
	GlobalSection(SolutionConfigurationPlatforms) = preSolution
		Debug|Any CPU = Debug|Any CPU
		Release|Any CPU = Release|Any CPU
	EndGlobalSection
	GlobalSection(ProjectConfigurationPlatforms) = postSolution
		{A60B684A-AFCF-4F04-A4C2-509995C6A844}.Debug|Any CPU.ActiveCfg = Debug|Any CPU
		{A60B684A-AFCF-4F04-A4C2-509995C6A844}.Debug|Any CPU.Build.0 = Debug|Any CPU
		{A60B684A-AFCF-4F04-A4C2-509995C6A844}.Release|Any CPU.ActiveCfg = Release|Any CPU
		{A60B684A-AFCF-4F04-A4C2-509995C6A844}.Release|Any CPU.Build.0 = Release|Any CPU
	EndGlobalSection
	GlobalSection(SolutionProperties) = preSolution
		HideSolutionNode = FALSE
	EndGlobalSection
	GlobalSection(ExtensibilityGlobals) = postSolution
		SolutionGuid = {5DC8DC26-C0D8-4783-9838-05503FD81604}
	EndGlobalSection
EndGlobal
