
Microsoft Visual Studio Solution File, Format Version 12.00
# Visual Studio Version 17
VisualStudioVersion = 17.7.34024.191
MinimumVisualStudioVersion = 10.0.40219.1
Project("{FAE04EC0-301F-11D3-BF4B-00C04F79EFBC}") = "Festival", "Festival\Festival.csproj", "{B77FA158-C454-4202-8885-D8D3ABB7F6C5}"
EndProject
Global
	GlobalSection(SolutionConfigurationPlatforms) = preSolution
		Debug|Any CPU = Debug|Any CPU
		Release|Any CPU = Release|Any CPU
	EndGlobalSection
	GlobalSection(ProjectConfigurationPlatforms) = postSolution
		{B77FA158-C454-4202-8885-D8D3ABB7F6C5}.Debug|Any CPU.ActiveCfg = Debug|Any CPU
		{B77FA158-C454-4202-8885-D8D3ABB7F6C5}.Debug|Any CPU.Build.0 = Debug|Any CPU
		{B77FA158-C454-4202-8885-D8D3ABB7F6C5}.Release|Any CPU.ActiveCfg = Release|Any CPU
		{B77FA158-C454-4202-8885-D8D3ABB7F6C5}.Release|Any CPU.Build.0 = Release|Any CPU
	EndGlobalSection
	GlobalSection(SolutionProperties) = preSolution
		HideSolutionNode = FALSE
	EndGlobalSection
	GlobalSection(ExtensibilityGlobals) = postSolution
		SolutionGuid = {33633432-0FAD-4E38-A57F-53F03A88931D}
	EndGlobalSection
EndGlobal
